
Microsoft Visual Studio Solution File, Format Version 12.00
Project("{FAE04EC0-301F-11D3-BF4B-00C04F79EFBC}") = "HammerV2", "HammerV2\HammerV2\HammerV2.csproj", "{FBBA3820-B9E7-496C-AB96-142C20F77082}"
EndProject
Project("{FAE04EC0-301F-11D3-BF4B-00C04F79EFBC}") = "HammerV2.Droid", "HammerV2\HammerV2.Droid\HammerV2.Droid.csproj", "{525DE79C-6A2E-4111-B6C3-AF56F44A23F4}"
EndProject
Project("{FAE04EC0-301F-11D3-BF4B-00C04F79EFBC}") = "HammerV2.iOS", "HammerV2\HammerV2.iOS\HammerV2.iOS.csproj", "{0872F3C7-9860-4821-9E9E-2342CE2191B7}"
EndProject
Global
	GlobalSection(SolutionConfigurationPlatforms) = preSolution
		Ad-Hoc|iPhone = Ad-Hoc|iPhone
		AppStore|iPhone = AppStore|iPhone
		Debug|Any CPU = Debug|Any CPU
		Debug|iPhone = Debug|iPhone
		Debug|iPhoneSimulator = Debug|iPhoneSimulator
		Release|Any CPU = Release|Any CPU
		Release|iPhone = Release|iPhone
		Release|iPhoneSimulator = Release|iPhoneSimulator
	EndGlobalSection
	GlobalSection(ProjectConfigurationPlatforms) = postSolution
		{FBBA3820-B9E7-496C-AB96-142C20F77082}.Ad-Hoc|iPhone.ActiveCfg = Debug|Any CPU
		{FBBA3820-B9E7-496C-AB96-142C20F77082}.Ad-Hoc|iPhone.Build.0 = Debug|Any CPU
		{FBBA3820-B9E7-496C-AB96-142C20F77082}.AppStore|iPhone.ActiveCfg = Debug|Any CPU
		{FBBA3820-B9E7-496C-AB96-142C20F77082}.AppStore|iPhone.Build.0 = Debug|Any CPU
		{FBBA3820-B9E7-496C-AB96-142C20F77082}.Debug|Any CPU.ActiveCfg = Debug|Any CPU
		{FBBA3820-B9E7-496C-AB96-142C20F77082}.Debug|Any CPU.Build.0 = Debug|Any CPU
		{FBBA3820-B9E7-496C-AB96-142C20F77082}.Debug|iPhone.ActiveCfg = Debug|Any CPU
		{FBBA3820-B9E7-496C-AB96-142C20F77082}.Debug|iPhone.Build.0 = Debug|Any CPU
		{FBBA3820-B9E7-496C-AB96-142C20F77082}.Debug|iPhoneSimulator.ActiveCfg = Debug|Any CPU
		{FBBA3820-B9E7-496C-AB96-142C20F77082}.Debug|iPhoneSimulator.Build.0 = Debug|Any CPU
		{FBBA3820-B9E7-496C-AB96-142C20F77082}.Release|Any CPU.ActiveCfg = Release|Any CPU
		{FBBA3820-B9E7-496C-AB96-142C20F77082}.Release|Any CPU.Build.0 = Release|Any CPU
		{FBBA3820-B9E7-496C-AB96-142C20F77082}.Release|iPhone.ActiveCfg = Release|Any CPU
		{FBBA3820-B9E7-496C-AB96-142C20F77082}.Release|iPhone.Build.0 = Release|Any CPU
		{FBBA3820-B9E7-496C-AB96-142C20F77082}.Release|iPhoneSimulator.ActiveCfg = Release|Any CPU
		{FBBA3820-B9E7-496C-AB96-142C20F77082}.Release|iPhoneSimulator.Build.0 = Release|Any CPU
		{525DE79C-6A2E-4111-B6C3-AF56F44A23F4}.Ad-Hoc|iPhone.ActiveCfg = Debug|Any CPU
		{525DE79C-6A2E-4111-B6C3-AF56F44A23F4}.Ad-Hoc|iPhone.Build.0 = Debug|Any CPU
		{525DE79C-6A2E-4111-B6C3-AF56F44A23F4}.Ad-Hoc|iPhone.Deploy.0 = Debug|Any CPU
		{525DE79C-6A2E-4111-B6C3-AF56F44A23F4}.AppStore|iPhone.ActiveCfg = Debug|Any CPU
		{525DE79C-6A2E-4111-B6C3-AF56F44A23F4}.AppStore|iPhone.Build.0 = Debug|Any CPU
		{525DE79C-6A2E-4111-B6C3-AF56F44A23F4}.AppStore|iPhone.Deploy.0 = Debug|Any CPU
		{525DE79C-6A2E-4111-B6C3-AF56F44A23F4}.Debug|Any CPU.ActiveCfg = Debug|Any CPU
		{525DE79C-6A2E-4111-B6C3-AF56F44A23F4}.Debug|Any CPU.Build.0 = Debug|Any CPU
		{525DE79C-6A2E-4111-B6C3-AF56F44A23F4}.Debug|Any CPU.Deploy.0 = Debug|Any CPU
		{525DE79C-6A2E-4111-B6C3-AF56F44A23F4}.Debug|iPhone.ActiveCfg = Debug|Any CPU
		{525DE79C-6A2E-4111-B6C3-AF56F44A23F4}.Debug|iPhone.Build.0 = Debug|Any CPU
		{525DE79C-6A2E-4111-B6C3-AF56F44A23F4}.Debug|iPhone.Deploy.0 = Debug|Any CPU
		{525DE79C-6A2E-4111-B6C3-AF56F44A23F4}.Debug|iPhoneSimulator.ActiveCfg = Debug|Any CPU
		{525DE79C-6A2E-4111-B6C3-AF56F44A23F4}.Debug|iPhoneSimulator.Build.0 = Debug|Any CPU
		{525DE79C-6A2E-4111-B6C3-AF56F44A23F4}.Debug|iPhoneSimulator.Deploy.0 = Debug|Any CPU
		{525DE79C-6A2E-4111-B6C3-AF56F44A23F4}.Release|Any CPU.ActiveCfg = Release|Any CPU
		{525DE79C-6A2E-4111-B6C3-AF56F44A23F4}.Release|Any CPU.Build.0 = Release|Any CPU
		{525DE79C-6A2E-4111-B6C3-AF56F44A23F4}.Release|Any CPU.Deploy.0 = Release|Any CPU
		{525DE79C-6A2E-4111-B6C3-AF56F44A23F4}.Release|iPhone.ActiveCfg = Release|Any CPU
		{525DE79C-6A2E-4111-B6C3-AF56F44A23F4}.Release|iPhone.Build.0 = Release|Any CPU
		{525DE79C-6A2E-4111-B6C3-AF56F44A23F4}.Release|iPhone.Deploy.0 = Release|Any CPU
		{525DE79C-6A2E-4111-B6C3-AF56F44A23F4}.Release|iPhoneSimulator.ActiveCfg = Release|Any CPU
		{525DE79C-6A2E-4111-B6C3-AF56F44A23F4}.Release|iPhoneSimulator.Build.0 = Release|Any CPU
		{525DE79C-6A2E-4111-B6C3-AF56F44A23F4}.Release|iPhoneSimulator.Deploy.0 = Release|Any CPU
		{0872F3C7-9860-4821-9E9E-2342CE2191B7}.Ad-Hoc|iPhone.ActiveCfg = Ad-Hoc|iPhone
		{0872F3C7-9860-4821-9E9E-2342CE2191B7}.Ad-Hoc|iPhone.Build.0 = Ad-Hoc|iPhone
		{0872F3C7-9860-4821-9E9E-2342CE2191B7}.Ad-Hoc|iPhone.Deploy.0 = Ad-Hoc|iPhone
		{0872F3C7-9860-4821-9E9E-2342CE2191B7}.AppStore|iPhone.ActiveCfg = AppStore|iPhone
		{0872F3C7-9860-4821-9E9E-2342CE2191B7}.AppStore|iPhone.Build.0 = AppStore|iPhone
		{0872F3C7-9860-4821-9E9E-2342CE2191B7}.AppStore|iPhone.Deploy.0 = AppStore|iPhone
		{0872F3C7-9860-4821-9E9E-2342CE2191B7}.Debug|Any CPU.ActiveCfg = Debug|iPhoneSimulator
		{0872F3C7-9860-4821-9E9E-2342CE2191B7}.Debug|Any CPU.Build.0 = Debug|iPhoneSimulator
		{0872F3C7-9860-4821-9E9E-2342CE2191B7}.Debug|Any CPU.Deploy.0 = Debug|iPhoneSimulator
		{0872F3C7-9860-4821-9E9E-2342CE2191B7}.Debug|iPhone.ActiveCfg = Debug|iPhone
		{0872F3C7-9860-4821-9E9E-2342CE2191B7}.Debug|iPhone.Build.0 = Debug|iPhone
		{0872F3C7-9860-4821-9E9E-2342CE2191B7}.Debug|iPhone.Deploy.0 = Debug|iPhone
		{0872F3C7-9860-4821-9E9E-2342CE2191B7}.Debug|iPhoneSimulator.ActiveCfg = Debug|iPhoneSimulator
		{0872F3C7-9860-4821-9E9E-2342CE2191B7}.Debug|iPhoneSimulator.Build.0 = Debug|iPhoneSimulator
		{0872F3C7-9860-4821-9E9E-2342CE2191B7}.Debug|iPhoneSimulator.Deploy.0 = Debug|iPhoneSimulator
		{0872F3C7-9860-4821-9E9E-2342CE2191B7}.Release|Any CPU.ActiveCfg = Release|iPhoneSimulator
		{0872F3C7-9860-4821-9E9E-2342CE2191B7}.Release|Any CPU.Build.0 = Release|iPhoneSimulator
		{0872F3C7-9860-4821-9E9E-2342CE2191B7}.Release|Any CPU.Deploy.0 = Release|iPhoneSimulator
		{0872F3C7-9860-4821-9E9E-2342CE2191B7}.Release|iPhone.ActiveCfg = Release|iPhone
		{0872F3C7-9860-4821-9E9E-2342CE2191B7}.Release|iPhone.Build.0 = Release|iPhone
		{0872F3C7-9860-4821-9E9E-2342CE2191B7}.Release|iPhone.Deploy.0 = Release|iPhone
		{0872F3C7-9860-4821-9E9E-2342CE2191B7}.Release|iPhoneSimulator.ActiveCfg = Release|iPhoneSimulator
		{0872F3C7-9860-4821-9E9E-2342CE2191B7}.Release|iPhoneSimulator.Build.0 = Release|iPhoneSimulator
		{0872F3C7-9860-4821-9E9E-2342CE2191B7}.Release|iPhoneSimulator.Deploy.0 = Release|iPhoneSimulator
	EndGlobalSection
EndGlobal
